// !$*UTF8*$!
{
	archiveVersion = 1;
	classes = {
	};
	objectVersion = 71;
	objects = {

/* Begin PBXBuildFile section */
		A00000000000000000000001 /* ToolBoxApp.swift in Sources */ = {isa = PBXBuildFile; fileRef = B00000000000000000000001 /* ToolBoxApp.swift */; };
		A00000000000000000000002 /* BankCard.swift in Sources */ = {isa = PBXBuildFile; fileRef = B00000000000000000000002 /* BankCard.swift */; };
		A00000000000000000000003 /* SecureStore.swift in Sources */ = {isa = PBXBuildFile; fileRef = B00000000000000000000003 /* SecureStore.swift */; };
		A00000000000000000000004 /* AppStore.swift in Sources */ = {isa = PBXBuildFile; fileRef = B00000000000000000000004 /* AppStore.swift */; };
		A00000000000000000000005 /* AuthManager.swift in Sources */ = {isa = PBXBuildFile; fileRef = B00000000000000000000005 /* AuthManager.swift */; };
		A00000000000000000000006 /* RootView.swift in Sources */ = {isa = PBXBuildFile; fileRef = B00000000000000000000006 /* RootView.swift */; };
		A00000000000000000000007 /* FinanceHomeView.swift in Sources */ = {isa = PBXBuildFile; fileRef = B00000000000000000000007 /* FinanceHomeView.swift */; };
		A00000000000000000000008 /* BankCardDetailView.swift in Sources */ = {isa = PBXBuildFile; fileRef = B00000000000000000000008 /* BankCardDetailView.swift */; };
		A00000000000000000000009 /* ProfileView.swift in Sources */ = {isa = PBXBuildFile; fileRef = B00000000000000000000009 /* ProfileView.swift */; };
		A0000000000000000000000A /* AuthenticationView.swift in Sources */ = {isa = PBXBuildFile; fileRef = B0000000000000000000000A /* AuthenticationView.swift */; };
		A0000000000000000000000B /* BankAccountViews.swift in Sources */ = {isa = PBXBuildFile; fileRef = B0000000000000000000000B /* BankAccountViews.swift */; };
		A0000000000000000000000C /* VaultBackup.swift in Sources */ = {isa = PBXBuildFile; fileRef = B0000000000000000000000D /* VaultBackup.swift */; };
		A0000000000000000000000D /* Stock.swift in Sources */ = {isa = PBXBuildFile; fileRef = B0000000000000000000000E /* Stock.swift */; };
		A0000000000000000000000E /* StockQuoteService.swift in Sources */ = {isa = PBXBuildFile; fileRef = B0000000000000000000000F /* StockQuoteService.swift */; };
		A0000000000000000000000F /* StocksView.swift in Sources */ = {isa = PBXBuildFile; fileRef = B00000000000000000000010 /* StocksView.swift */; };
		A10000000000000000000001 /* ToolModule.swift in Sources */ = {isa = PBXBuildFile; fileRef = B10000000000000000000001 /* ToolModule.swift */; };
		A10000000000000000000002 /* ToolboxView.swift in Sources */ = {isa = PBXBuildFile; fileRef = B10000000000000000000002 /* ToolboxView.swift */; };
		A10000000000000000000003 /* ToolModuleSettings.swift in Sources */ = {isa = PBXBuildFile; fileRef = B10000000000000000000003 /* ToolModuleSettings.swift */; };
		A10000000000000000000004 /* StockAppearanceSettings.swift in Sources */ = {isa = PBXBuildFile; fileRef = B10000000000000000000004 /* StockAppearanceSettings.swift */; };
		A10000000000000000000005 /* IMETextInput.swift in Sources */ = {isa = PBXBuildFile; fileRef = B10000000000000000000005 /* IMETextInput.swift */; };
		A10000000000000000000006 /* ProtectedContent.swift in Sources */ = {isa = PBXBuildFile; fileRef = B10000000000000000000006 /* ProtectedContent.swift */; };
		A10000000000000000000007 /* ViewModifiers.swift in Sources */ = {isa = PBXBuildFile; fileRef = B10000000000000000000007 /* ViewModifiers.swift */; };
		A10000000000000000000008 /* DecimalTextParser.swift in Sources */ = {isa = PBXBuildFile; fileRef = B10000000000000000000008 /* DecimalTextParser.swift */; };
		A10000000000000000000009 /* SubaccountEditorViews.swift in Sources */ = {isa = PBXBuildFile; fileRef = B10000000000000000000009 /* SubaccountEditorViews.swift */; };
		A1000000000000000000000A /* BankCardEditorView.swift in Sources */ = {isa = PBXBuildFile; fileRef = B1000000000000000000000A /* BankCardEditorView.swift */; };
		A1000000000000000000000B /* StockEditorView.swift in Sources */ = {isa = PBXBuildFile; fileRef = B1000000000000000000000B /* StockEditorView.swift */; };
		A1000000000000000000000C /* StockTransactionEditorView.swift in Sources */ = {isa = PBXBuildFile; fileRef = B1000000000000000000000C /* StockTransactionEditorView.swift */; };
		A1000000000000000000000D /* ForeignExchangeRateService.swift in Sources */ = {isa = PBXBuildFile; fileRef = B1000000000000000000000D /* ForeignExchangeRateService.swift */; };
		A20000000000000000000001 /* CurrencyExchange.swift in Sources */ = {isa = PBXBuildFile; fileRef = B20000000000000000000001 /* CurrencyExchange.swift */; };
		A20000000000000000000002 /* CurrencyExchangeView.swift in Sources */ = {isa = PBXBuildFile; fileRef = B20000000000000000000002 /* CurrencyExchangeView.swift */; };
		A20000000000000000000003 /* CurrencyExchangeEditorView.swift in Sources */ = {isa = PBXBuildFile; fileRef = B20000000000000000000003 /* CurrencyExchangeEditorView.swift */; };
		A30000000000000000000001 /* SensitiveAccessView.swift in Sources */ = {isa = PBXBuildFile; fileRef = B30000000000000000000001 /* SensitiveAccessView.swift */; };
		C63564073010DD0500EBCA46 /* Assets.xcassets in Resources */ = {isa = PBXBuildFile; fileRef = C63564043010C59600EBCA46 /* Assets.xcassets */; };
/* End PBXBuildFile section */

/* Begin PBXFileReference section */
		B00000000000000000000001 /* ToolBoxApp.swift */ = {isa = PBXFileReference; lastKnownFileType = sourcecode.swift; path = ToolBoxApp.swift; sourceTree = "<group>"; };
		B00000000000000000000002 /* BankCard.swift */ = {isa = PBXFileReference; lastKnownFileType = sourcecode.swift; path = BankCard.swift; sourceTree = "<group>"; };
		B00000000000000000000003 /* SecureStore.swift */ = {isa = PBXFileReference; lastKnownFileType = sourcecode.swift; path = SecureStore.swift; sourceTree = "<group>"; };
		B00000000000000000000004 /* AppStore.swift */ = {isa = PBXFileReference; lastKnownFileType = sourcecode.swift; path = AppStore.swift; sourceTree = "<group>"; };
		B00000000000000000000005 /* AuthManager.swift */ = {isa = PBXFileReference; lastKnownFileType = sourcecode.swift; path = AuthManager.swift; sourceTree = "<group>"; };
		B00000000000000000000006 /* RootView.swift */ = {isa = PBXFileReference; lastKnownFileType = sourcecode.swift; path = RootView.swift; sourceTree = "<group>"; };
		B00000000000000000000007 /* FinanceHomeView.swift */ = {isa = PBXFileReference; lastKnownFileType = sourcecode.swift; path = FinanceHomeView.swift; sourceTree = "<group>"; };
		B00000000000000000000008 /* BankCardDetailView.swift */ = {isa = PBXFileReference; lastKnownFileType = sourcecode.swift; path = BankCardDetailView.swift; sourceTree = "<group>"; };
		B00000000000000000000009 /* ProfileView.swift */ = {isa = PBXFileReference; lastKnownFileType = sourcecode.swift; path = ProfileView.swift; sourceTree = "<group>"; };
		B0000000000000000000000A /* AuthenticationView.swift */ = {isa = PBXFileReference; lastKnownFileType = sourcecode.swift; path = AuthenticationView.swift; sourceTree = "<group>"; };
		B0000000000000000000000B /* BankAccountViews.swift */ = {isa = PBXFileReference; lastKnownFileType = sourcecode.swift; path = BankAccountViews.swift; sourceTree = "<group>"; };
		B0000000000000000000000C /* Info.plist */ = {isa = PBXFileReference; lastKnownFileType = text.plist.xml; path = Info.plist; sourceTree = "<group>"; };
		B0000000000000000000000D /* VaultBackup.swift */ = {isa = PBXFileReference; lastKnownFileType = sourcecode.swift; path = VaultBackup.swift; sourceTree = "<group>"; };
		B0000000000000000000000E /* Stock.swift */ = {isa = PBXFileReference; lastKnownFileType = sourcecode.swift; path = Stock.swift; sourceTree = "<group>"; };
		B0000000000000000000000F /* StockQuoteService.swift */ = {isa = PBXFileReference; lastKnownFileType = sourcecode.swift; path = StockQuoteService.swift; sourceTree = "<group>"; };
		B00000000000000000000010 /* StocksView.swift */ = {isa = PBXFileReference; lastKnownFileType = sourcecode.swift; path = StocksView.swift; sourceTree = "<group>"; };
		B10000000000000000000001 /* ToolModule.swift */ = {isa = PBXFileReference; lastKnownFileType = sourcecode.swift; path = ToolModule.swift; sourceTree = "<group>"; };
		B10000000000000000000002 /* ToolboxView.swift */ = {isa = PBXFileReference; lastKnownFileType = sourcecode.swift; path = ToolboxView.swift; sourceTree = "<group>"; };
		B10000000000000000000003 /* ToolModuleSettings.swift */ = {isa = PBXFileReference; lastKnownFileType = sourcecode.swift; path = ToolModuleSettings.swift; sourceTree = "<group>"; };
		B10000000000000000000004 /* StockAppearanceSettings.swift */ = {isa = PBXFileReference; lastKnownFileType = sourcecode.swift; path = StockAppearanceSettings.swift; sourceTree = "<group>"; };
		B10000000000000000000005 /* IMETextInput.swift */ = {isa = PBXFileReference; lastKnownFileType = sourcecode.swift; path = IMETextInput.swift; sourceTree = "<group>"; };
		B10000000000000000000006 /* ProtectedContent.swift */ = {isa = PBXFileReference; lastKnownFileType = sourcecode.swift; path = ProtectedContent.swift; sourceTree = "<group>"; };
		B10000000000000000000007 /* ViewModifiers.swift */ = {isa = PBXFileReference; lastKnownFileType = sourcecode.swift; path = ViewModifiers.swift; sourceTree = "<group>"; };
		B10000000000000000000008 /* DecimalTextParser.swift */ = {isa = PBXFileReference; lastKnownFileType = sourcecode.swift; path = DecimalTextParser.swift; sourceTree = "<group>"; };
		B10000000000000000000009 /* SubaccountEditorViews.swift */ = {isa = PBXFileReference; lastKnownFileType = sourcecode.swift; path = SubaccountEditorViews.swift; sourceTree = "<group>"; };
		B1000000000000000000000A /* BankCardEditorView.swift */ = {isa = PBXFileReference; lastKnownFileType = sourcecode.swift; path = BankCardEditorView.swift; sourceTree = "<group>"; };
		B1000000000000000000000B /* StockEditorView.swift */ = {isa = PBXFileReference; lastKnownFileType = sourcecode.swift; path = StockEditorView.swift; sourceTree = "<group>"; };
		B1000000000000000000000C /* StockTransactionEditorView.swift */ = {isa = PBXFileReference; lastKnownFileType = sourcecode.swift; path = StockTransactionEditorView.swift; sourceTree = "<group>"; };
		B1000000000000000000000D /* ForeignExchangeRateService.swift */ = {isa = PBXFileReference; lastKnownFileType = sourcecode.swift; path = ForeignExchangeRateService.swift; sourceTree = "<group>"; };
		B20000000000000000000001 /* CurrencyExchange.swift */ = {isa = PBXFileReference; lastKnownFileType = sourcecode.swift; path = CurrencyExchange.swift; sourceTree = "<group>"; };
		B20000000000000000000002 /* CurrencyExchangeView.swift */ = {isa = PBXFileReference; lastKnownFileType = sourcecode.swift; path = CurrencyExchangeView.swift; sourceTree = "<group>"; };
		B20000000000000000000003 /* CurrencyExchangeEditorView.swift */ = {isa = PBXFileReference; lastKnownFileType = sourcecode.swift; path = CurrencyExchangeEditorView.swift; sourceTree = "<group>"; };
		B30000000000000000000001 /* SensitiveAccessView.swift */ = {isa = PBXFileReference; lastKnownFileType = sourcecode.swift; path = SensitiveAccessView.swift; sourceTree = "<group>"; };
		C00000000000000000000001 /* 我的工具箱.app */ = {isa = PBXFileReference; explicitFileType = wrapper.application; includeInIndex = 0; name = "我的工具箱.app"; path = "/Users/huangshuai11/Documents/MyTools/build/Debug/我的工具箱.app"; sourceTree = "<absolute>"; };
		C63564043010C59600EBCA46 /* Assets.xcassets */ = {isa = PBXFileReference; lastKnownFileType = folder.assetcatalog; path = Assets.xcassets; sourceTree = "<group>"; };
/* End PBXFileReference section */

/* Begin PBXGroup section */
		D00000000000000000000001 = {
			isa = PBXGroup;
			children = (
				D00000000000000000000006 /* 我的工具箱 */,
			);
			sourceTree = "<group>";
		};
		D00000000000000000000002 /* Features */ = {
			isa = PBXGroup;
			children = (
				D10000000000000000000004 /* Finance */,
				D10000000000000000000005 /* Stocks */,
				D20000000000000000000001 /* CurrencyExchange */,
				D10000000000000000000006 /* Profile */,
				D10000000000000000000007 /* Authentication */,
			);
			path = Features;
			sourceTree = "<group>";
		};
		D00000000000000000000003 /* Models */ = {
			isa = PBXGroup;
			children = (
				B00000000000000000000002 /* BankCard.swift */,
				B0000000000000000000000E /* Stock.swift */,
				B20000000000000000000001 /* CurrencyExchange.swift */,
			);
			path = Models;
			sourceTree = "<group>";
		};
		D00000000000000000000004 /* Services */ = {
			isa = PBXGroup;
			children = (
				B00000000000000000000003 /* SecureStore.swift */,
				B00000000000000000000004 /* AppStore.swift */,
				B00000000000000000000005 /* AuthManager.swift */,
				B0000000000000000000000D /* VaultBackup.swift */,
				B0000000000000000000000F /* StockQuoteService.swift */,
				B1000000000000000000000D /* ForeignExchangeRateService.swift */,
			);
			path = Services;
			sourceTree = "<group>";
		};
		D00000000000000000000006 /* 我的工具箱 */ = {
			isa = PBXGroup;
			children = (
				B00000000000000000000001 /* ToolBoxApp.swift */,
				B0000000000000000000000C /* Info.plist */,
				D10000000000000000000001 /* App */,
				D00000000000000000000002 /* Features */,
				D00000000000000000000003 /* Models */,
				D00000000000000000000004 /* Services */,
				D10000000000000000000002 /* Settings */,
				D10000000000000000000003 /* Shared */,
				C63564043010C59600EBCA46 /* Assets.xcassets */,
			);
			name = "我的工具箱";
			path = MyTools;
			sourceTree = "<group>";
		};
		D10000000000000000000001 /* App */ = {
			isa = PBXGroup;
			children = (
				B00000000000000000000006 /* RootView.swift */,
				B10000000000000000000001 /* ToolModule.swift */,
				B10000000000000000000002 /* ToolboxView.swift */,
			);
			path = App;
			sourceTree = "<group>";
		};
		D10000000000000000000002 /* Settings */ = {
			isa = PBXGroup;
			children = (
				B10000000000000000000003 /* ToolModuleSettings.swift */,
				B10000000000000000000004 /* StockAppearanceSettings.swift */,
			);
			path = Settings;
			sourceTree = "<group>";
		};
		D10000000000000000000003 /* Shared */ = {
			isa = PBXGroup;
			children = (
				B10000000000000000000008 /* DecimalTextParser.swift */,
				B10000000000000000000005 /* IMETextInput.swift */,
				B10000000000000000000006 /* ProtectedContent.swift */,
				B10000000000000000000007 /* ViewModifiers.swift */,
			);
			path = Shared;
			sourceTree = "<group>";
		};
		D10000000000000000000004 /* Finance */ = {
			isa = PBXGroup;
			children = (
				B00000000000000000000007 /* FinanceHomeView.swift */,
				B00000000000000000000008 /* BankCardDetailView.swift */,
				B0000000000000000000000B /* BankAccountViews.swift */,
				B10000000000000000000009 /* SubaccountEditorViews.swift */,
				B1000000000000000000000A /* BankCardEditorView.swift */,
			);
			path = Finance;
			sourceTree = "<group>";
		};
		D10000000000000000000005 /* Stocks */ = {
			isa = PBXGroup;
			children = (
				B00000000000000000000010 /* StocksView.swift */,
				B1000000000000000000000B /* StockEditorView.swift */,
				B1000000000000000000000C /* StockTransactionEditorView.swift */,
			);
			path = Stocks;
			sourceTree = "<group>";
		};
		D10000000000000000000006 /* Profile */ = {
			isa = PBXGroup;
			children = (
				B00000000000000000000009 /* ProfileView.swift */,
			);
			path = Profile;
			sourceTree = "<group>";
		};
		D10000000000000000000007 /* Authentication */ = {
			isa = PBXGroup;
			children = (
				B0000000000000000000000A /* AuthenticationView.swift */,
				B30000000000000000000001 /* SensitiveAccessView.swift */,
			);
			path = Authentication;
			sourceTree = "<group>";
		};
		D20000000000000000000001 /* CurrencyExchange */ = {
			isa = PBXGroup;
			children = (
				B20000000000000000000002 /* CurrencyExchangeView.swift */,
				B20000000000000000000003 /* CurrencyExchangeEditorView.swift */,
			);
			path = CurrencyExchange;
			sourceTree = "<group>";
		};
/* End PBXGroup section */

/* Begin PBXNativeTarget section */
		E00000000000000000000001 /* 我的工具箱 */ = {
			isa = PBXNativeTarget;
			buildConfigurationList = F00000000000000000000002 /* Build configuration list for PBXNativeTarget "我的工具箱" */;
			buildPhases = (
				E00000000000000000000002 /* Sources */,
				C63564063010DCFC00EBCA46 /* Resources */,
			);
			buildRules = (
			);
			dependencies = (
			);
			name = "我的工具箱";
			productName = "我的工具箱";
			productReference = C00000000000000000000001 /* 我的工具箱.app */;
			productType = "com.apple.product-type.application";
		};
/* End PBXNativeTarget section */

/* Begin PBXProject section */
		E00000000000000000000003 /* Project object */ = {
			isa = PBXProject;
			attributes = {
				LastSwiftUpdateCheck = 2600;
			};
			buildConfigurationList = F00000000000000000000001 /* Build configuration list for PBXProject "MyTools" */;
			compatibilityVersion = "Xcode 16.0";
			developmentRegion = "zh-Hans";
			hasScannedForEncodings = 0;
			knownRegions = (
				en,
				"zh-Hans",
				Base,
			);
			mainGroup = D00000000000000000000001;
			productRefGroup = D00000000000000000000001;
			projectDirPath = "";
			projectRoot = "";
			targets = (
				E00000000000000000000001 /* 我的工具箱 */,
			);
		};
/* End PBXProject section */

/* Begin PBXResourcesBuildPhase section */
		C63564063010DCFC00EBCA46 /* Resources */ = {
			isa = PBXResourcesBuildPhase;
			buildActionMask = 2147483647;
			files = (
				C63564073010DD0500EBCA46 /* Assets.xcassets in Resources */,
			);
			runOnlyForDeploymentPostprocessing = 0;
		};
/* End PBXResourcesBuildPhase section */

/* Begin PBXSourcesBuildPhase section */
		E00000000000000000000002 /* Sources */ = {
			isa = PBXSourcesBuildPhase;
			buildActionMask = 2147483647;
			files = (
				A30000000000000000000001 /* SensitiveAccessView.swift in Sources */,
				A20000000000000000000003 /* CurrencyExchangeEditorView.swift in Sources */,
				A20000000000000000000002 /* CurrencyExchangeView.swift in Sources */,
				A20000000000000000000001 /* CurrencyExchange.swift in Sources */,
				A00000000000000000000001 /* ToolBoxApp.swift in Sources */,
				A00000000000000000000002 /* BankCard.swift in Sources */,
				A00000000000000000000003 /* SecureStore.swift in Sources */,
				A00000000000000000000004 /* AppStore.swift in Sources */,
				A00000000000000000000005 /* AuthManager.swift in Sources */,
				A0000000000000000000000C /* VaultBackup.swift in Sources */,
				A00000000000000000000006 /* RootView.swift in Sources */,
				A00000000000000000000007 /* FinanceHomeView.swift in Sources */,
				A00000000000000000000008 /* BankCardDetailView.swift in Sources */,
				A00000000000000000000009 /* ProfileView.swift in Sources */,
				A0000000000000000000000A /* AuthenticationView.swift in Sources */,
				A0000000000000000000000B /* BankAccountViews.swift in Sources */,
				A0000000000000000000000D /* Stock.swift in Sources */,
				A0000000000000000000000E /* StockQuoteService.swift in Sources */,
				A0000000000000000000000F /* StocksView.swift in Sources */,
				A10000000000000000000001 /* ToolModule.swift in Sources */,
				A10000000000000000000002 /* ToolboxView.swift in Sources */,
				A10000000000000000000003 /* ToolModuleSettings.swift in Sources */,
				A10000000000000000000004 /* StockAppearanceSettings.swift in Sources */,
				A10000000000000000000005 /* IMETextInput.swift in Sources */,
				A10000000000000000000006 /* ProtectedContent.swift in Sources */,
				A10000000000000000000007 /* ViewModifiers.swift in Sources */,
				A10000000000000000000008 /* DecimalTextParser.swift in Sources */,
				A10000000000000000000009 /* SubaccountEditorViews.swift in Sources */,
				A1000000000000000000000A /* BankCardEditorView.swift in Sources */,
				A1000000000000000000000B /* StockEditorView.swift in Sources */,
				A1000000000000000000000C /* StockTransactionEditorView.swift in Sources */,
				A1000000000000000000000D /* ForeignExchangeRateService.swift in Sources */,
			);
			runOnlyForDeploymentPostprocessing = 0;
		};
/* End PBXSourcesBuildPhase section */

/* Begin XCBuildConfiguration section */
		F00000000000000000000003 /* Debug */ = {
			isa = XCBuildConfiguration;
			buildSettings = {
				ALWAYS_SEARCH_USER_PATHS = NO;
				ASSETCATALOG_COMPILER_APPICON_NAME = AppIcon;
				ASSETCATALOG_COMPILER_INCLUDE_ALL_APPICON_ASSETS = YES;
				CODE_SIGN_IDENTITY = "Apple Development";
				CODE_SIGN_STYLE = Automatic;
				DEVELOPMENT_TEAM = 6Y8DN35HLK;
				ENABLE_PREVIEWS = YES;
				GENERATE_INFOPLIST_FILE = NO;
				INFOPLIST_FILE = MyTools/Info.plist;
				INFOPLIST_KEY_CFBundleDisplayName = MyTools;
				INFOPLIST_KEY_LSApplicationCategoryType = "public.app-category.developer-tools";
				IPHONEOS_DEPLOYMENT_TARGET = 26.0;
				MACOSX_DEPLOYMENT_TARGET = 26.0;
				PRODUCT_BUNDLE_IDENTIFIER = com.fjwyz.PersonalToolBox;
				PRODUCT_BUNDLE_PACKAGE_TYPE = APPL;
				PRODUCT_NAME = "$(TARGET_NAME)";
				PROVISIONING_PROFILE_SPECIFIER = "";
				SDKROOT = auto;
				SUPPORTED_PLATFORMS = "iphoneos iphonesimulator macosx";
				SUPPORTS_MACCATALYST = NO;
				SWIFT_ACTIVE_COMPILATION_CONDITIONS = DEBUG;
				SWIFT_OPTIMIZATION_LEVEL = "-Onone";
				SWIFT_VERSION = 6.0;
				TARGETED_DEVICE_FAMILY = "1,2";
			};
			name = Debug;
		};
		F00000000000000000000004 /* Release */ = {
			isa = XCBuildConfiguration;
			buildSettings = {
				ALWAYS_SEARCH_USER_PATHS = NO;
				ASSETCATALOG_COMPILER_APPICON_NAME = AppIcon;
				ASSETCATALOG_COMPILER_INCLUDE_ALL_APPICON_ASSETS = YES;
				CODE_SIGN_IDENTITY = "Apple Development";
				CODE_SIGN_STYLE = Automatic;
				DEVELOPMENT_TEAM = 6Y8DN35HLK;
				GENERATE_INFOPLIST_FILE = NO;
				INFOPLIST_FILE = MyTools/Info.plist;
				INFOPLIST_KEY_CFBundleDisplayName = MyTools;
				INFOPLIST_KEY_LSApplicationCategoryType = "public.app-category.developer-tools";
				IPHONEOS_DEPLOYMENT_TARGET = 26.0;
				MACOSX_DEPLOYMENT_TARGET = 26.0;
				PRODUCT_BUNDLE_IDENTIFIER = com.fjwyz.PersonalToolBox;
				PRODUCT_BUNDLE_PACKAGE_TYPE = APPL;
				PRODUCT_NAME = "$(TARGET_NAME)";
				PROVISIONING_PROFILE_SPECIFIER = "";
				SDKROOT = auto;
				SUPPORTED_PLATFORMS = "iphoneos iphonesimulator macosx";
				SUPPORTS_MACCATALYST = NO;
				SWIFT_VERSION = 6.0;
				TARGETED_DEVICE_FAMILY = "1,2";
			};
			name = Release;
		};
/* End XCBuildConfiguration section */

/* Begin XCConfigurationList section */
		F00000000000000000000001 /* Build configuration list for PBXProject "MyTools" */ = {
			isa = XCConfigurationList;
			buildConfigurations = (
				F00000000000000000000003 /* Debug */,
				F00000000000000000000004 /* Release */,
			);
			defaultConfigurationIsVisible = 0;
			defaultConfigurationName = Release;
		};
		F00000000000000000000002 /* Build configuration list for PBXNativeTarget "我的工具箱" */ = {
			isa = XCConfigurationList;
			buildConfigurations = (
				F00000000000000000000003 /* Debug */,
				F00000000000000000000004 /* Release */,
			);
			defaultConfigurationIsVisible = 0;
			defaultConfigurationName = Release;
		};
/* End XCConfigurationList section */
	};
	rootObject = E00000000000000000000003 /* Project object */;
}
